// !$*UTF8*$!
{
	archiveVersion = 1;
	classes = {
	};
	objectVersion = 46;
	objects = {

/* Begin PBXBuildFile section */
		3ABF8EDE1BE7124B0052DC6E /* main.m in Sources */ = {isa = PBXBuildFile; fileRef = 3ABF8EDD1BE7124B0052DC6E /* main.m */; };
		3ABF8EE11BE7124B0052DC6E /* AppDelegate.m in Sources */ = {isa = PBXBuildFile; fileRef = 3ABF8EE01BE7124B0052DC6E /* AppDelegate.m */; };
		3ABF8EE41BE7124B0052DC6E /* ViewController.m in Sources */ = {isa = PBXBuildFile; fileRef = 3ABF8EE31BE7124B0052DC6E /* ViewController.m */; };
		3ABF8EE71BE7124B0052DC6E /* Main.storyboard in Resources */ = {isa = PBXBuildFile; fileRef = 3ABF8EE51BE7124B0052DC6E /* Main.storyboard */; };
		3ABF8EE91BE7124B0052DC6E /* Assets.xcassets in Resources */ = {isa = PBXBuildFile; fileRef = 3ABF8EE81BE7124B0052DC6E /* Assets.xcassets */; };
		3ABF8EEC1BE7124B0052DC6E /* LaunchScreen.storyboard in Resources */ = {isa = PBXBuildFile; fileRef = 3ABF8EEA1BE7124B0052DC6E /* LaunchScreen.storyboard */; };
		3ABF8EF51BE715BA0052DC6E /* CroperViewController.m in Sources */ = {isa = PBXBuildFile; fileRef = 3ABF8EF41BE715BA0052DC6E /* CroperViewController.m */; };
		3ABF8EFB1BE730900052DC6E /* IMG_1158.JPG in Resources */ = {isa = PBXBuildFile; fileRef = 3ABF8EFA1BE730900052DC6E /* IMG_1158.JPG */; };
/* End PBXBuildFile section */

/* Begin PBXFileReference section */
		3ABF8ED91BE7124B0052DC6E /* ImageCutter.app */ = {isa = PBXFileReference; explicitFileType = wrapper.application; includeInIndex = 0; path = ImageCutter.app; sourceTree = BUILT_PRODUCTS_DIR; };
		3ABF8EDD1BE7124B0052DC6E /* main.m */ = {isa = PBXFileReference; lastKnownFileType = sourcecode.c.objc; path = main.m; sourceTree = "<group>"; };
		3ABF8EDF1BE7124B0052DC6E /* AppDelegate.h */ = {isa = PBXFileReference; lastKnownFileType = sourcecode.c.h; path = AppDelegate.h; sourceTree = "<group>"; };
		3ABF8EE01BE7124B0052DC6E /* AppDelegate.m */ = {isa = PBXFileReference; lastKnownFileType = sourcecode.c.objc; path = AppDelegate.m; sourceTree = "<group>"; };
		3ABF8EE21BE7124B0052DC6E /* ViewController.h */ = {isa = PBXFileReference; lastKnownFileType = sourcecode.c.h; path = ViewController.h; sourceTree = "<group>"; };
		3ABF8EE31BE7124B0052DC6E /* ViewController.m */ = {isa = PBXFileReference; lastKnownFileType = sourcecode.c.objc; path = ViewController.m; sourceTree = "<group>"; };
		3ABF8EE61BE7124B0052DC6E /* Base */ = {isa = PBXFileReference; lastKnownFileType = file.storyboard; name = Base; path = Base.lproj/Main.storyboard; sourceTree = "<group>"; };
		3ABF8EE81BE7124B0052DC6E /* Assets.xcassets */ = {isa = PBXFileReference; lastKnownFileType = folder.assetcatalog; path = Assets.xcassets; sourceTree = "<group>"; };
		3ABF8EEB1BE7124B0052DC6E /* Base */ = {isa = PBXFileReference; lastKnownFileType = file.storyboard; name = Base; path = Base.lproj/LaunchScreen.storyboard; sourceTree = "<group>"; };
		3ABF8EED1BE7124B0052DC6E /* Info.plist */ = {isa = PBXFileReference; lastKnownFileType = text.plist.xml; path = Info.plist; sourceTree = "<group>"; };
		3ABF8EF31BE715BA0052DC6E /* CroperViewController.h */ = {isa = PBXFileReference; fileEncoding = 4; lastKnownFileType = sourcecode.c.h; path = CroperViewController.h; sourceTree = "<group>"; };
		3ABF8EF41BE715BA0052DC6E /* CroperViewController.m */ = {isa = PBXFileReference; fileEncoding = 4; lastKnownFileType = sourcecode.c.objc; path = CroperViewController.m; sourceTree = "<group>"; };
		3ABF8EFA1BE730900052DC6E /* IMG_1158.JPG */ = {isa = PBXFileReference; lastKnownFileType = image.jpeg; path = IMG_1158.JPG; sourceTree = "<group>"; };
/* End PBXFileReference section */

/* Begin PBXFrameworksBuildPhase section */
		3ABF8ED61BE7124B0052DC6E /* Frameworks */ = {
			isa = PBXFrameworksBuildPhase;
			buildActionMask = 2147483647;
			files = (
			);
			runOnlyForDeploymentPostprocessing = 0;
		};
/* End PBXFrameworksBuildPhase section */

/* Begin PBXGroup section */
		3ABF8ED01BE7124B0052DC6E = {
			isa = PBXGroup;
			children = (
				3ABF8EDB1BE7124B0052DC6E /* ImageCutter */,
				3ABF8EDA1BE7124B0052DC6E /* Products */,
			);
			sourceTree = "<group>";
		};
		3ABF8EDA1BE7124B0052DC6E /* Products */ = {
			isa = PBXGroup;
			children = (
				3ABF8ED91BE7124B0052DC6E /* ImageCutter.app */,
			);
			name = Products;
			sourceTree = "<group>";
		};
		3ABF8EDB1BE7124B0052DC6E /* ImageCutter */ = {
			isa = PBXGroup;
			children = (
				3ABF8EDF1BE7124B0052DC6E /* AppDelegate.h */,
				3ABF8EE01BE7124B0052DC6E /* AppDelegate.m */,
				3ABF8EE21BE7124B0052DC6E /* ViewController.h */,
				3ABF8EE31BE7124B0052DC6E /* ViewController.m */,
				3ABF8EF31BE715BA0052DC6E /* CroperViewController.h */,
				3ABF8EF41BE715BA0052DC6E /* CroperViewController.m */,
				3ABF8EFA1BE730900052DC6E /* IMG_1158.JPG */,
				3ABF8EE51BE7124B0052DC6E /* Main.storyboard */,
				3ABF8EE81BE7124B0052DC6E /* Assets.xcassets */,
				3ABF8EEA1BE7124B0052DC6E /* LaunchScreen.storyboard */,
				3ABF8EED1BE7124B0052DC6E /* Info.plist */,
				3ABF8EDC1BE7124B0052DC6E /* Supporting Files */,
			);
			path = ImageCutter;
			sourceTree = "<group>";
		};
		3ABF8EDC1BE7124B0052DC6E /* Supporting Files */ = {
			isa = PBXGroup;
			children = (
				3ABF8EDD1BE7124B0052DC6E /* main.m */,
			);
			name = "Supporting Files";
			sourceTree = "<group>";
		};
/* End PBXGroup section */

/* Begin PBXNativeTarget section */
		3ABF8ED81BE7124B0052DC6E /* ImageCutter */ = {
			isa = PBXNativeTarget;
			buildConfigurationList = 3ABF8EF01BE7124B0052DC6E /* Build configuration list for PBXNativeTarget "ImageCutter" */;
			buildPhases = (
				3ABF8ED51BE7124B0052DC6E /* Sources */,
				3ABF8ED61BE7124B0052DC6E /* Frameworks */,
				3ABF8ED71BE7124B0052DC6E /* Resources */,
			);
			buildRules = (
			);
			dependencies = (
			);
			name = ImageCutter;
			productName = ImageCutter;
			productReference = 3ABF8ED91BE7124B0052DC6E /* ImageCutter.app */;
			productType = "com.apple.product-type.application";
		};
/* End PBXNativeTarget section */

/* Begin PBXProject section */
		3ABF8ED11BE7124B0052DC6E /* Project object */ = {
			isa = PBXProject;
			attributes = {
				LastUpgradeCheck = 0710;
				ORGANIZATIONNAME = Lacar;
				TargetAttributes = {
					3ABF8ED81BE7124B0052DC6E = {
						CreatedOnToolsVersion = 7.1;
					};
				};
			};
			buildConfigurationList = 3ABF8ED41BE7124B0052DC6E /* Build configuration list for PBXProject "ImageCutter" */;
			compatibilityVersion = "Xcode 3.2";
			developmentRegion = English;
			hasScannedForEncodings = 0;
			knownRegions = (
				en,
				Base,
			);
			mainGroup = 3ABF8ED01BE7124B0052DC6E;
			productRefGroup = 3ABF8EDA1BE7124B0052DC6E /* Products */;
			projectDirPath = "";
			projectRoot = "";
			targets = (
				3ABF8ED81BE7124B0052DC6E /* ImageCutter */,
			);
		};
/* End PBXProject section */

/* Begin PBXResourcesBuildPhase section */
		3ABF8ED71BE7124B0052DC6E /* Resources */ = {
			isa = PBXResourcesBuildPhase;
			buildActionMask = 2147483647;
			files = (
				3ABF8EEC1BE7124B0052DC6E /* LaunchScreen.storyboard in Resources */,
				3ABF8EE91BE7124B0052DC6E /* Assets.xcassets in Resources */,
				3ABF8EFB1BE730900052DC6E /* IMG_1158.JPG in Resources */,
				3ABF8EE71BE7124B0052DC6E /* Main.storyboard in Resources */,
			);
			runOnlyForDeploymentPostprocessing = 0;
		};
/* End PBXResourcesBuildPhase section */

/* Begin PBXSourcesBuildPhase section */
		3ABF8ED51BE7124B0052DC6E /* Sources */ = {
			isa = PBXSourcesBuildPhase;
			buildActionMask = 2147483647;
			files = (
				3ABF8EE41BE7124B0052DC6E /* ViewController.m in Sources */,
				3ABF8EE11BE7124B0052DC6E /* AppDelegate.m in Sources */,
				3ABF8EDE1BE7124B0052DC6E /* main.m in Sources */,
				3ABF8EF51BE715BA0052DC6E /* CroperViewController.m in Sources */,
			);
			runOnlyForDeploymentPostprocessing = 0;
		};
/* End PBXSourcesBuildPhase section */

/* Begin PBXVariantGroup section */
		3ABF8EE51BE7124B0052DC6E /* Main.storyboard */ = {
			isa = PBXVariantGroup;
			children = (
				3ABF8EE61BE7124B0052DC6E /* Base */,
			);
			name = Main.storyboard;
			sourceTree = "<group>";
		};
		3ABF8EEA1BE7124B0052DC6E /* LaunchScreen.storyboard */ = {
			isa = PBXVariantGroup;
			children = (
				3ABF8EEB1BE7124B0052DC6E /* Base */,
			);
			name = LaunchScreen.storyboard;
			sourceTree = "<group>";
		};
/* End PBXVariantGroup section */

/* Begin XCBuildConfiguration section */
		3ABF8EEE1BE7124B0052DC6E /* Debug */ = {
			isa = XCBuildConfiguration;
			buildSettings = {
				ALWAYS_SEARCH_USER_PATHS = NO;
				CLANG_CXX_LANGUAGE_STANDARD = "gnu++0x";
				CLANG_CXX_LIBRARY = "libc++";
				CLANG_ENABLE_MODULES = YES;
				CLANG_ENABLE_OBJC_ARC = YES;
				CLANG_WARN_BOOL_CONVERSION = YES;
				CLANG_WARN_CONSTANT_CONVERSION = YES;
				CLANG_WARN_DIRECT_OBJC_ISA_USAGE = YES_ERROR;
				CLANG_WARN_EMPTY_BODY = YES;
				CLANG_WARN_ENUM_CONVERSION = YES;
				CLANG_WARN_INT_CONVERSION = YES;
				CLANG_WARN_OBJC_ROOT_CLASS = YES_ERROR;
				CLANG_WARN_UNREACHABLE_CODE = YES;
				CLANG_WARN__DUPLICATE_METHOD_MATCH = YES;
				"CODE_SIGN_IDENTITY[sdk=iphoneos*]" = "iPhone Developer";
				COPY_PHASE_STRIP = NO;
				DEBUG_INFORMATION_FORMAT = dwarf;
				ENABLE_STRICT_OBJC_MSGSEND = YES;
				ENABLE_TESTABILITY = YES;
				GCC_C_LANGUAGE_STANDARD = gnu99;
				GCC_DYNAMIC_NO_PIC = NO;
				GCC_NO_COMMON_BLOCKS = YES;
				GCC_OPTIMIZATION_LEVEL = 0;
				GCC_PREPROCESSOR_DEFINITIONS = (
					"DEBUG=1",
					"$(inherited)",
				);
				GCC_WARN_64_TO_32_BIT_CONVERSION = YES;
				GCC_WARN_ABOUT_RETURN_TYPE = YES_ERROR;
				GCC_WARN_UNDECLARED_SELECTOR = YES;
				GCC_WARN_UNINITIALIZED_AUTOS = YES_AGGRESSIVE;
				GCC_WARN_UNUSED_FUNCTION = YES;
				GCC_WARN_UNUSED_VARIABLE = YES;
				IPHONEOS_DEPLOYMENT_TARGET = 9.1;
				MTL_ENABLE_DEBUG_INFO = YES;
				ONLY_ACTIVE_ARCH = YES;
				SDKROOT = iphoneos;
			};
			name = Debug;
		};
		3ABF8EEF1BE7124B0052DC6E /* Release */ = {
			isa = XCBuildConfiguration;
			buildSettings = {
				ALWAYS_SEARCH_USER_PATHS = NO;
				CLANG_CXX_LANGUAGE_STANDARD = "gnu++0x";
				CLANG_CXX_LIBRARY = "libc++";
				CLANG_ENABLE_MODULES = YES;
				CLANG_ENABLE_OBJC_ARC = YES;
				CLANG_WARN_BOOL_CONVERSION = YES;
				CLANG_WARN_CONSTANT_CONVERSION = YES;
				CLANG_WARN_DIRECT_OBJC_ISA_USAGE = YES_ERROR;
				CLANG_WARN_EMPTY_BODY = YES;
				CLANG_WARN_ENUM_CONVERSION = YES;
				CLANG_WARN_INT_CONVERSION = YES;
				CLANG_WARN_OBJC_ROOT_CLASS = YES_ERROR;
				CLANG_WARN_UNREACHABLE_CODE = YES;
				CLANG_WARN__DUPLICATE_METHOD_MATCH = YES;
				"CODE_SIGN_IDENTITY[sdk=iphoneos*]" = "iPhone Developer";
				COPY_PHASE_STRIP = NO;
				DEBUG_INFORMATION_FORMAT = "dwarf-with-dsym";
				ENABLE_NS_ASSERTIONS = NO;
				ENABLE_STRICT_OBJC_MSGSEND = YES;
				GCC_C_LANGUAGE_STANDARD = gnu99;
				GCC_NO_COMMON_BLOCKS = YES;
				GCC_WARN_64_TO_32_BIT_CONVERSION = YES;
				GCC_WARN_ABOUT_RETURN_TYPE = YES_ERROR;
				GCC_WARN_UNDECLARED_SELECTOR = YES;
				GCC_WARN_UNINITIALIZED_AUTOS = YES_AGGRESSIVE;
				GCC_WARN_UNUSED_FUNCTION = YES;
				GCC_WARN_UNUSED_VARIABLE = YES;
				IPHONEOS_DEPLOYMENT_TARGET = 9.1;
				MTL_ENABLE_DEBUG_INFO = NO;
				SDKROOT = iphoneos;
				VALIDATE_PRODUCT = YES;
			};
			name = Release;
		};
		3ABF8EF11BE7124B0052DC6E /* Debug */ = {
			isa = XCBuildConfiguration;
			buildSettings = {
				ASSETCATALOG_COMPILER_APPICON_NAME = AppIcon;
				INFOPLIST_FILE = ImageCutter/Info.plist;
				IPHONEOS_DEPLOYMENT_TARGET = 6.0;
				LD_RUNPATH_SEARCH_PATHS = "$(inherited) @executable_path/Frameworks";
				PRODUCT_BUNDLE_IDENTIFIER = lacar.ImageCutter;
				PRODUCT_NAME = "$(TARGET_NAME)";
			};
			name = Debug;
		};
		3ABF8EF21BE7124B0052DC6E /* Release */ = {
			isa = XCBuildConfiguration;
			buildSettings = {
				ASSETCATALOG_COMPILER_APPICON_NAME = AppIcon;
				INFOPLIST_FILE = ImageCutter/Info.plist;
				IPHONEOS_DEPLOYMENT_TARGET = 6.0;
				LD_RUNPATH_SEARCH_PATHS = "$(inherited) @executable_path/Frameworks";
				PRODUCT_BUNDLE_IDENTIFIER = lacar.ImageCutter;
				PRODUCT_NAME = "$(TARGET_NAME)";
			};
			name = Release;
		};
/* End XCBuildConfiguration section */

/* Begin XCConfigurationList section */
		3ABF8ED41BE7124B0052DC6E /* Build configuration list for PBXProject "ImageCutter" */ = {
			isa = XCConfigurationList;
			buildConfigurations = (
				3ABF8EEE1BE7124B0052DC6E /* Debug */,
				3ABF8EEF1BE7124B0052DC6E /* Release */,
			);
			defaultConfigurationIsVisible = 0;
			defaultConfigurationName = Release;
		};
		3ABF8EF01BE7124B0052DC6E /* Build configuration list for PBXNativeTarget "ImageCutter" */ = {
			isa = XCConfigurationList;
			buildConfigurations = (
				3ABF8EF11BE7124B0052DC6E /* Debug */,
				3ABF8EF21BE7124B0052DC6E /* Release */,
			);
			defaultConfigurationIsVisible = 0;
			defaultConfigurationName = Release;
		};
/* End XCConfigurationList section */
	};
	rootObject = 3ABF8ED11BE7124B0052DC6E /* Project object */;
}
